
Microsoft Visual Studio Solution File, Format Version 12.00
Project("{FAE04EC0-301F-11D3-BF4B-00C04F79EFBC}") = "CubeLogic.TransactionsConverter", "CubeLogic.TransactionsConverter\CubeLogic.TransactionsConverter.csproj", "{E83DB755-E3EE-42B0-A3F7-D895B4CF3A72}"
EndProject
Project("{FAE04EC0-301F-11D3-BF4B-00C04F79EFBC}") = "CubeLogic.TransactionsConverter.UnitTests", "CubeLogic.TransactionsConverter.UnitTests\CubeLogic.TransactionsConverter.UnitTests.csproj", "{5D54FCEC-8CDB-48E8-8ACA-6F1D7DD49C50}"
EndProject
Global
	GlobalSection(SolutionConfigurationPlatforms) = preSolution
		Debug|Any CPU = Debug|Any CPU
		Release|Any CPU = Release|Any CPU
	EndGlobalSection
	GlobalSection(ProjectConfigurationPlatforms) = postSolution
		{E83DB755-E3EE-42B0-A3F7-D895B4CF3A72}.Debug|Any CPU.ActiveCfg = Debug|Any CPU
		{E83DB755-E3EE-42B0-A3F7-D895B4CF3A72}.Debug|Any CPU.Build.0 = Debug|Any CPU
		{E83DB755-E3EE-42B0-A3F7-D895B4CF3A72}.Release|Any CPU.ActiveCfg = Release|Any CPU
		{E83DB755-E3EE-42B0-A3F7-D895B4CF3A72}.Release|Any CPU.Build.0 = Release|Any CPU
		{5D54FCEC-8CDB-48E8-8ACA-6F1D7DD49C50}.Debug|Any CPU.ActiveCfg = Debug|Any CPU
		{5D54FCEC-8CDB-48E8-8ACA-6F1D7DD49C50}.Debug|Any CPU.Build.0 = Debug|Any CPU
		{5D54FCEC-8CDB-48E8-8ACA-6F1D7DD49C50}.Release|Any CPU.ActiveCfg = Release|Any CPU
		{5D54FCEC-8CDB-48E8-8ACA-6F1D7DD49C50}.Release|Any CPU.Build.0 = Release|Any CPU
	EndGlobalSection
EndGlobal
